// !$*UTF8*$!
{
	archiveVersion = 1;
	classes = {
	};
	objectVersion = 56;
	objects = {

/* Begin PBXBuildFile section */
		458EE59C2BF9A0DC001CCE3E /* VolumeDetail.swift in Sources */ = {isa = PBXBuildFile; fileRef = 458EE59B2BF9A0DC001CCE3E /* VolumeDetail.swift */; };
		458EE59E2BF9A705001CCE3E /* VolumeRow.swift in Sources */ = {isa = PBXBuildFile; fileRef = 458EE59D2BF9A705001CCE3E /* VolumeRow.swift */; };
		45B0971A2BFAD1FA00F44C4D /* WatchFilesystemsApp.swift in Sources */ = {isa = PBXBuildFile; fileRef = 45B097192BFAD1FA00F44C4D /* WatchFilesystemsApp.swift */; };
		45B0971E2BFAD1FC00F44C4D /* Assets.xcassets in Resources */ = {isa = PBXBuildFile; fileRef = 45B0971D2BFAD1FC00F44C4D /* Assets.xcassets */; };
		45B097212BFAD1FC00F44C4D /* Preview Assets.xcassets in Resources */ = {isa = PBXBuildFile; fileRef = 45B097202BFAD1FC00F44C4D /* Preview Assets.xcassets */; };
		45B097242BFAD1FC00F44C4D /* WatchFilesystems Watch App.app in Embed Watch Content */ = {isa = PBXBuildFile; fileRef = 45B097172BFAD1FA00F44C4D /* WatchFilesystems Watch App.app */; settings = {ATTRIBUTES = (RemoveHeadersOnCopy, ); }; };
		45B097292BFADA7C00F44C4D /* VolumeRow.swift in Sources */ = {isa = PBXBuildFile; fileRef = 458EE59D2BF9A705001CCE3E /* VolumeRow.swift */; };
		45B0972A2BFADA8800F44C4D /* VolumeDetail.swift in Sources */ = {isa = PBXBuildFile; fileRef = 458EE59B2BF9A0DC001CCE3E /* VolumeDetail.swift */; };
		45B0972B2BFADD8E00F44C4D /* ContentView.swift in Sources */ = {isa = PBXBuildFile; fileRef = 45F7D37D2BF69F9D00C2A9B1 /* ContentView.swift */; };
		45F7D37C2BF69F9D00C2A9B1 /* FilesystemsApp.swift in Sources */ = {isa = PBXBuildFile; fileRef = 45F7D37B2BF69F9D00C2A9B1 /* FilesystemsApp.swift */; };
		45F7D37E2BF69F9D00C2A9B1 /* ContentView.swift in Sources */ = {isa = PBXBuildFile; fileRef = 45F7D37D2BF69F9D00C2A9B1 /* ContentView.swift */; };
		45F7D3802BF69FA000C2A9B1 /* Assets.xcassets in Resources */ = {isa = PBXBuildFile; fileRef = 45F7D37F2BF69FA000C2A9B1 /* Assets.xcassets */; };
		45F7D3842BF69FA000C2A9B1 /* Preview Assets.xcassets in Resources */ = {isa = PBXBuildFile; fileRef = 45F7D3832BF69FA000C2A9B1 /* Preview Assets.xcassets */; };
/* End PBXBuildFile section */

/* Begin PBXContainerItemProxy section */
		45B097222BFAD1FC00F44C4D /* PBXContainerItemProxy */ = {
			isa = PBXContainerItemProxy;
			containerPortal = 45F7D3702BF69F9D00C2A9B1 /* Project object */;
			proxyType = 1;
			remoteGlobalIDString = 45B097162BFAD1FA00F44C4D;
			remoteInfo = "WatchFilesystems Watch App";
		};
/* End PBXContainerItemProxy section */

/* Begin PBXCopyFilesBuildPhase section */
		45B097252BFAD1FC00F44C4D /* Embed Watch Content */ = {
			isa = PBXCopyFilesBuildPhase;
			buildActionMask = 2147483647;
			dstPath = "$(CONTENTS_FOLDER_PATH)/Watch";
			dstSubfolderSpec = 16;
			files = (
				45B097242BFAD1FC00F44C4D /* WatchFilesystems Watch App.app in Embed Watch Content */,
			);
			name = "Embed Watch Content";
			runOnlyForDeploymentPostprocessing = 0;
		};
/* End PBXCopyFilesBuildPhase section */

/* Begin PBXFileReference section */
		458EE59B2BF9A0DC001CCE3E /* VolumeDetail.swift */ = {isa = PBXFileReference; lastKnownFileType = sourcecode.swift; path = VolumeDetail.swift; sourceTree = "<group>"; };
		458EE59D2BF9A705001CCE3E /* VolumeRow.swift */ = {isa = PBXFileReference; lastKnownFileType = sourcecode.swift; path = VolumeRow.swift; sourceTree = "<group>"; };
		45B097172BFAD1FA00F44C4D /* WatchFilesystems Watch App.app */ = {isa = PBXFileReference; explicitFileType = wrapper.application; includeInIndex = 0; path = "WatchFilesystems Watch App.app"; sourceTree = BUILT_PRODUCTS_DIR; };
		45B097192BFAD1FA00F44C4D /* WatchFilesystemsApp.swift */ = {isa = PBXFileReference; lastKnownFileType = sourcecode.swift; path = WatchFilesystemsApp.swift; sourceTree = "<group>"; };
		45B0971D2BFAD1FC00F44C4D /* Assets.xcassets */ = {isa = PBXFileReference; lastKnownFileType = folder.assetcatalog; path = Assets.xcassets; sourceTree = "<group>"; };
		45B097202BFAD1FC00F44C4D /* Preview Assets.xcassets */ = {isa = PBXFileReference; lastKnownFileType = folder.assetcatalog; path = "Preview Assets.xcassets"; sourceTree = "<group>"; };
		45F7D3782BF69F9D00C2A9B1 /* Filesystems.app */ = {isa = PBXFileReference; explicitFileType = wrapper.application; includeInIndex = 0; path = Filesystems.app; sourceTree = BUILT_PRODUCTS_DIR; };
		45F7D37B2BF69F9D00C2A9B1 /* FilesystemsApp.swift */ = {isa = PBXFileReference; lastKnownFileType = sourcecode.swift; path = FilesystemsApp.swift; sourceTree = "<group>"; };
		45F7D37D2BF69F9D00C2A9B1 /* ContentView.swift */ = {isa = PBXFileReference; lastKnownFileType = sourcecode.swift; path = ContentView.swift; sourceTree = "<group>"; };
		45F7D37F2BF69FA000C2A9B1 /* Assets.xcassets */ = {isa = PBXFileReference; lastKnownFileType = folder.assetcatalog; path = Assets.xcassets; sourceTree = "<group>"; };
		45F7D3812BF69FA000C2A9B1 /* Filesystems.entitlements */ = {isa = PBXFileReference; lastKnownFileType = text.plist.entitlements; path = Filesystems.entitlements; sourceTree = "<group>"; };
		45F7D3832BF69FA000C2A9B1 /* Preview Assets.xcassets */ = {isa = PBXFileReference; lastKnownFileType = folder.assetcatalog; path = "Preview Assets.xcassets"; sourceTree = "<group>"; };
/* End PBXFileReference section */

/* Begin PBXFrameworksBuildPhase section */
		45B097142BFAD1FA00F44C4D /* Frameworks */ = {
			isa = PBXFrameworksBuildPhase;
			buildActionMask = 2147483647;
			files = (
			);
			runOnlyForDeploymentPostprocessing = 0;
		};
		45F7D3752BF69F9D00C2A9B1 /* Frameworks */ = {
			isa = PBXFrameworksBuildPhase;
			buildActionMask = 2147483647;
			files = (
			);
			runOnlyForDeploymentPostprocessing = 0;
		};
/* End PBXFrameworksBuildPhase section */

/* Begin PBXGroup section */
		45B097182BFAD1FA00F44C4D /* WatchFilesystems Watch App */ = {
			isa = PBXGroup;
			children = (
				45B097192BFAD1FA00F44C4D /* WatchFilesystemsApp.swift */,
				45B0971D2BFAD1FC00F44C4D /* Assets.xcassets */,
				45B0971F2BFAD1FC00F44C4D /* Preview Content */,
			);
			path = "WatchFilesystems Watch App";
			sourceTree = "<group>";
		};
		45B0971F2BFAD1FC00F44C4D /* Preview Content */ = {
			isa = PBXGroup;
			children = (
				45B097202BFAD1FC00F44C4D /* Preview Assets.xcassets */,
			);
			path = "Preview Content";
			sourceTree = "<group>";
		};
		45F7D36F2BF69F9D00C2A9B1 = {
			isa = PBXGroup;
			children = (
				45F7D37A2BF69F9D00C2A9B1 /* Filesystems */,
				45B097182BFAD1FA00F44C4D /* WatchFilesystems Watch App */,
				45F7D3792BF69F9D00C2A9B1 /* Products */,
			);
			sourceTree = "<group>";
		};
		45F7D3792BF69F9D00C2A9B1 /* Products */ = {
			isa = PBXGroup;
			children = (
				45F7D3782BF69F9D00C2A9B1 /* Filesystems.app */,
				45B097172BFAD1FA00F44C4D /* WatchFilesystems Watch App.app */,
			);
			name = Products;
			sourceTree = "<group>";
		};
		45F7D37A2BF69F9D00C2A9B1 /* Filesystems */ = {
			isa = PBXGroup;
			children = (
				45F7D37B2BF69F9D00C2A9B1 /* FilesystemsApp.swift */,
				45F7D37D2BF69F9D00C2A9B1 /* ContentView.swift */,
				458EE59B2BF9A0DC001CCE3E /* VolumeDetail.swift */,
				458EE59D2BF9A705001CCE3E /* VolumeRow.swift */,
				45F7D37F2BF69FA000C2A9B1 /* Assets.xcassets */,
				45F7D3812BF69FA000C2A9B1 /* Filesystems.entitlements */,
				45F7D3822BF69FA000C2A9B1 /* Preview Content */,
			);
			path = Filesystems;
			sourceTree = "<group>";
		};
		45F7D3822BF69FA000C2A9B1 /* Preview Content */ = {
			isa = PBXGroup;
			children = (
				45F7D3832BF69FA000C2A9B1 /* Preview Assets.xcassets */,
			);
			path = "Preview Content";
			sourceTree = "<group>";
		};
/* End PBXGroup section */

/* Begin PBXNativeTarget section */
		45B097162BFAD1FA00F44C4D /* WatchFilesystems Watch App */ = {
			isa = PBXNativeTarget;
			buildConfigurationList = 45B097282BFAD1FC00F44C4D /* Build configuration list for PBXNativeTarget "WatchFilesystems Watch App" */;
			buildPhases = (
				45B097132BFAD1FA00F44C4D /* Sources */,
				45B097142BFAD1FA00F44C4D /* Frameworks */,
				45B097152BFAD1FA00F44C4D /* Resources */,
			);
			buildRules = (
			);
			dependencies = (
			);
			name = "WatchFilesystems Watch App";
			productName = "WatchFilesystems Watch App";
			productReference = 45B097172BFAD1FA00F44C4D /* WatchFilesystems Watch App.app */;
			productType = "com.apple.product-type.application";
		};
		45F7D3772BF69F9D00C2A9B1 /* Filesystems */ = {
			isa = PBXNativeTarget;
			buildConfigurationList = 45F7D3872BF69FA000C2A9B1 /* Build configuration list for PBXNativeTarget "Filesystems" */;
			buildPhases = (
				45F7D3742BF69F9D00C2A9B1 /* Sources */,
				45F7D3752BF69F9D00C2A9B1 /* Frameworks */,
				45F7D3762BF69F9D00C2A9B1 /* Resources */,
				45B097252BFAD1FC00F44C4D /* Embed Watch Content */,
			);
			buildRules = (
			);
			dependencies = (
				45B097232BFAD1FC00F44C4D /* PBXTargetDependency */,
			);
			name = Filesystems;
			productName = Filesystems;
			productReference = 45F7D3782BF69F9D00C2A9B1 /* Filesystems.app */;
			productType = "com.apple.product-type.application";
		};
/* End PBXNativeTarget section */

/* Begin PBXProject section */
		45F7D3702BF69F9D00C2A9B1 /* Project object */ = {
			isa = PBXProject;
			attributes = {
				BuildIndependentTargetsInParallel = 1;
				LastSwiftUpdateCheck = 1540;
				LastUpgradeCheck = 1540;
				TargetAttributes = {
					45B097162BFAD1FA00F44C4D = {
						CreatedOnToolsVersion = 15.4;
					};
					45F7D3772BF69F9D00C2A9B1 = {
						CreatedOnToolsVersion = 15.3;
					};
				};
			};
			buildConfigurationList = 45F7D3732BF69F9D00C2A9B1 /* Build configuration list for PBXProject "Filesystems" */;
			compatibilityVersion = "Xcode 14.0";
			developmentRegion = en;
			hasScannedForEncodings = 0;
			knownRegions = (
				en,
				Base,
			);
			mainGroup = 45F7D36F2BF69F9D00C2A9B1;
			productRefGroup = 45F7D3792BF69F9D00C2A9B1 /* Products */;
			projectDirPath = "";
			projectRoot = "";
			targets = (
				45F7D3772BF69F9D00C2A9B1 /* Filesystems */,
				45B097162BFAD1FA00F44C4D /* WatchFilesystems Watch App */,
			);
		};
/* End PBXProject section */

/* Begin PBXResourcesBuildPhase section */
		45B097152BFAD1FA00F44C4D /* Resources */ = {
			isa = PBXResourcesBuildPhase;
			buildActionMask = 2147483647;
			files = (
				45B097212BFAD1FC00F44C4D /* Preview Assets.xcassets in Resources */,
				45B0971E2BFAD1FC00F44C4D /* Assets.xcassets in Resources */,
			);
			runOnlyForDeploymentPostprocessing = 0;
		};
		45F7D3762BF69F9D00C2A9B1 /* Resources */ = {
			isa = PBXResourcesBuildPhase;
			buildActionMask = 2147483647;
			files = (
				45F7D3842BF69FA000C2A9B1 /* Preview Assets.xcassets in Resources */,
				45F7D3802BF69FA000C2A9B1 /* Assets.xcassets in Resources */,
			);
			runOnlyForDeploymentPostprocessing = 0;
		};
/* End PBXResourcesBuildPhase section */

/* Begin PBXSourcesBuildPhase section */
		45B097132BFAD1FA00F44C4D /* Sources */ = {
			isa = PBXSourcesBuildPhase;
			buildActionMask = 2147483647;
			files = (
				45B0972A2BFADA8800F44C4D /* VolumeDetail.swift in Sources */,
				45B097292BFADA7C00F44C4D /* VolumeRow.swift in Sources */,
				45B0972B2BFADD8E00F44C4D /* ContentView.swift in Sources */,
				45B0971A2BFAD1FA00F44C4D /* WatchFilesystemsApp.swift in Sources */,
			);
			runOnlyForDeploymentPostprocessing = 0;
		};
		45F7D3742BF69F9D00C2A9B1 /* Sources */ = {
			isa = PBXSourcesBuildPhase;
			buildActionMask = 2147483647;
			files = (
				45F7D37E2BF69F9D00C2A9B1 /* ContentView.swift in Sources */,
				45F7D37C2BF69F9D00C2A9B1 /* FilesystemsApp.swift in Sources */,
				458EE59E2BF9A705001CCE3E /* VolumeRow.swift in Sources */,
				458EE59C2BF9A0DC001CCE3E /* VolumeDetail.swift in Sources */,
			);
			runOnlyForDeploymentPostprocessing = 0;
		};
/* End PBXSourcesBuildPhase section */

/* Begin PBXTargetDependency section */
		45B097232BFAD1FC00F44C4D /* PBXTargetDependency */ = {
			isa = PBXTargetDependency;
			target = 45B097162BFAD1FA00F44C4D /* WatchFilesystems Watch App */;
			targetProxy = 45B097222BFAD1FC00F44C4D /* PBXContainerItemProxy */;
		};
/* End PBXTargetDependency section */

/* Begin XCBuildConfiguration section */
		45B097262BFAD1FC00F44C4D /* Debug */ = {
			isa = XCBuildConfiguration;
			buildSettings = {
				ASSETCATALOG_COMPILER_APPICON_NAME = AppIcon;
				ASSETCATALOG_COMPILER_GLOBAL_ACCENT_COLOR_NAME = AccentColor;
				CODE_SIGN_STYLE = Automatic;
				CURRENT_PROJECT_VERSION = 1;
				DEVELOPMENT_ASSET_PATHS = "\"WatchFilesystems Watch App/Preview Content\"";
				DEVELOPMENT_TEAM = H6U8DDWY8N;
				ENABLE_PREVIEWS = YES;
				GENERATE_INFOPLIST_FILE = YES;
				INFOPLIST_KEY_CFBundleDisplayName = WatchFilesystems;
				INFOPLIST_KEY_UISupportedInterfaceOrientations = "UIInterfaceOrientationPortrait UIInterfaceOrientationPortraitUpsideDown";
				INFOPLIST_KEY_WKCompanionAppBundleIdentifier = cx.mcmillan.Filesystems;
				LD_RUNPATH_SEARCH_PATHS = (
					"$(inherited)",
					"@executable_path/Frameworks",
				);
				MARKETING_VERSION = 1.0;
				PRODUCT_BUNDLE_IDENTIFIER = cx.mcmillan.Filesystems.watchkitapp;
				PRODUCT_NAME = "$(TARGET_NAME)";
				SDKROOT = watchos;
				SKIP_INSTALL = YES;
				SWIFT_EMIT_LOC_STRINGS = YES;
				SWIFT_VERSION = 5.0;
				TARGETED_DEVICE_FAMILY = 4;
				WATCHOS_DEPLOYMENT_TARGET = 10.5;
			};
			name = Debug;
		};
		45B097272BFAD1FC00F44C4D /* Release */ = {
			isa = XCBuildConfiguration;
			buildSettings = {
				ASSETCATALOG_COMPILER_APPICON_NAME = AppIcon;
				ASSETCATALOG_COMPILER_GLOBAL_ACCENT_COLOR_NAME = AccentColor;
				CODE_SIGN_STYLE = Automatic;
				CURRENT_PROJECT_VERSION = 1;
				DEVELOPMENT_ASSET_PATHS = "\"WatchFilesystems Watch App/Preview Content\"";
				DEVELOPMENT_TEAM = H6U8DDWY8N;
				ENABLE_PREVIEWS = YES;
				GENERATE_INFOPLIST_FILE = YES;
				INFOPLIST_KEY_CFBundleDisplayName = WatchFilesystems;
				INFOPLIST_KEY_UISupportedInterfaceOrientations = "UIInterfaceOrientationPortrait UIInterfaceOrientationPortraitUpsideDown";
				INFOPLIST_KEY_WKCompanionAppBundleIdentifier = cx.mcmillan.Filesystems;
				LD_RUNPATH_SEARCH_PATHS = (
					"$(inherited)",
					"@executable_path/Frameworks",
				);
				MARKETING_VERSION = 1.0;
				PRODUCT_BUNDLE_IDENTIFIER = cx.mcmillan.Filesystems.watchkitapp;
				PRODUCT_NAME = "$(TARGET_NAME)";
				SDKROOT = watchos;
				SKIP_INSTALL = YES;
				SWIFT_EMIT_LOC_STRINGS = YES;
				SWIFT_VERSION = 5.0;
				TARGETED_DEVICE_FAMILY = 4;
				VALIDATE_PRODUCT = YES;
				WATCHOS_DEPLOYMENT_TARGET = 10.5;
			};
			name = Release;
		};
		45F7D3852BF69FA000C2A9B1 /* Debug */ = {
			isa = XCBuildConfiguration;
			buildSettings = {
				ALWAYS_SEARCH_USER_PATHS = NO;
				ASSETCATALOG_COMPILER_GENERATE_SWIFT_ASSET_SYMBOL_EXTENSIONS = YES;
				CLANG_ANALYZER_NONNULL = YES;
				CLANG_ANALYZER_NUMBER_OBJECT_CONVERSION = YES_AGGRESSIVE;
				CLANG_CXX_LANGUAGE_STANDARD = "gnu++20";
				CLANG_ENABLE_MODULES = YES;
				CLANG_ENABLE_OBJC_ARC = YES;
				CLANG_ENABLE_OBJC_WEAK = YES;
				CLANG_WARN_BLOCK_CAPTURE_AUTORELEASING = YES;
				CLANG_WARN_BOOL_CONVERSION = YES;
				CLANG_WARN_COMMA = YES;
				CLANG_WARN_CONSTANT_CONVERSION = YES;
				CLANG_WARN_DEPRECATED_OBJC_IMPLEMENTATIONS = YES;
				CLANG_WARN_DIRECT_OBJC_ISA_USAGE = YES_ERROR;
				CLANG_WARN_DOCUMENTATION_COMMENTS = YES;
				CLANG_WARN_EMPTY_BODY = YES;
				CLANG_WARN_ENUM_CONVERSION = YES;
				CLANG_WARN_INFINITE_RECURSION = YES;
				CLANG_WARN_INT_CONVERSION = YES;
				CLANG_WARN_NON_LITERAL_NULL_CONVERSION = YES;
				CLANG_WARN_OBJC_IMPLICIT_RETAIN_SELF = YES;
				CLANG_WARN_OBJC_LITERAL_CONVERSION = YES;
				CLANG_WARN_OBJC_ROOT_CLASS = YES_ERROR;
				CLANG_WARN_QUOTED_INCLUDE_IN_FRAMEWORK_HEADER = YES;
				CLANG_WARN_RANGE_LOOP_ANALYSIS = YES;
				CLANG_WARN_STRICT_PROTOTYPES = YES;
				CLANG_WARN_SUSPICIOUS_MOVE = YES;
				CLANG_WARN_UNGUARDED_AVAILABILITY = YES_AGGRESSIVE;
				CLANG_WARN_UNREACHABLE_CODE = YES;
				CLANG_WARN__DUPLICATE_METHOD_MATCH = YES;
				COPY_PHASE_STRIP = NO;
				DEAD_CODE_STRIPPING = YES;
				DEBUG_INFORMATION_FORMAT = dwarf;
				ENABLE_STRICT_OBJC_MSGSEND = YES;
				ENABLE_TESTABILITY = YES;
				ENABLE_USER_SCRIPT_SANDBOXING = YES;
				GCC_C_LANGUAGE_STANDARD = gnu17;
				GCC_DYNAMIC_NO_PIC = NO;
				GCC_NO_COMMON_BLOCKS = YES;
				GCC_OPTIMIZATION_LEVEL = 0;
				GCC_PREPROCESSOR_DEFINITIONS = (
					"DEBUG=1",
					"$(inherited)",
				);
				GCC_WARN_64_TO_32_BIT_CONVERSION = YES;
				GCC_WARN_ABOUT_RETURN_TYPE = YES_ERROR;
				GCC_WARN_UNDECLARED_SELECTOR = YES;
				GCC_WARN_UNINITIALIZED_AUTOS = YES_AGGRESSIVE;
				GCC_WARN_UNUSED_FUNCTION = YES;
				GCC_WARN_UNUSED_VARIABLE = YES;
				LOCALIZATION_PREFERS_STRING_CATALOGS = YES;
				MTL_ENABLE_DEBUG_INFO = INCLUDE_SOURCE;
				MTL_FAST_MATH = YES;
				ONLY_ACTIVE_ARCH = YES;
				SWIFT_ACTIVE_COMPILATION_CONDITIONS = "DEBUG $(inherited)";
				SWIFT_OPTIMIZATION_LEVEL = "-Onone";
			};
			name = Debug;
		};
		45F7D3862BF69FA000C2A9B1 /* Release */ = {
			isa = XCBuildConfiguration;
			buildSettings = {
				ALWAYS_SEARCH_USER_PATHS = NO;
				ASSETCATALOG_COMPILER_GENERATE_SWIFT_ASSET_SYMBOL_EXTENSIONS = YES;
				CLANG_ANALYZER_NONNULL = YES;
				CLANG_ANALYZER_NUMBER_OBJECT_CONVERSION = YES_AGGRESSIVE;
				CLANG_CXX_LANGUAGE_STANDARD = "gnu++20";
				CLANG_ENABLE_MODULES = YES;
				CLANG_ENABLE_OBJC_ARC = YES;
				CLANG_ENABLE_OBJC_WEAK = YES;
				CLANG_WARN_BLOCK_CAPTURE_AUTORELEASING = YES;
				CLANG_WARN_BOOL_CONVERSION = YES;
				CLANG_WARN_COMMA = YES;
				CLANG_WARN_CONSTANT_CONVERSION = YES;
				CLANG_WARN_DEPRECATED_OBJC_IMPLEMENTATIONS = YES;
				CLANG_WARN_DIRECT_OBJC_ISA_USAGE = YES_ERROR;
				CLANG_WARN_DOCUMENTATION_COMMENTS = YES;
				CLANG_WARN_EMPTY_BODY = YES;
				CLANG_WARN_ENUM_CONVERSION = YES;
				CLANG_WARN_INFINITE_RECURSION = YES;
				CLANG_WARN_INT_CONVERSION = YES;
				CLANG_WARN_NON_LITERAL_NULL_CONVERSION = YES;
				CLANG_WARN_OBJC_IMPLICIT_RETAIN_SELF = YES;
				CLANG_WARN_OBJC_LITERAL_CONVERSION = YES;
				CLANG_WARN_OBJC_ROOT_CLASS = YES_ERROR;
				CLANG_WARN_QUOTED_INCLUDE_IN_FRAMEWORK_HEADER = YES;
				CLANG_WARN_RANGE_LOOP_ANALYSIS = YES;
				CLANG_WARN_STRICT_PROTOTYPES = YES;
				CLANG_WARN_SUSPICIOUS_MOVE = YES;
				CLANG_WARN_UNGUARDED_AVAILABILITY = YES_AGGRESSIVE;
				CLANG_WARN_UNREACHABLE_CODE = YES;
				CLANG_WARN__DUPLICATE_METHOD_MATCH = YES;
				COPY_PHASE_STRIP = NO;
				DEAD_CODE_STRIPPING = YES;
				DEBUG_INFORMATION_FORMAT = "dwarf-with-dsym";
				ENABLE_NS_ASSERTIONS = NO;
				ENABLE_STRICT_OBJC_MSGSEND = YES;
				ENABLE_USER_SCRIPT_SANDBOXING = YES;
				GCC_C_LANGUAGE_STANDARD = gnu17;
				GCC_NO_COMMON_BLOCKS = YES;
				GCC_WARN_64_TO_32_BIT_CONVERSION = YES;
				GCC_WARN_ABOUT_RETURN_TYPE = YES_ERROR;
				GCC_WARN_UNDECLARED_SELECTOR = YES;
				GCC_WARN_UNINITIALIZED_AUTOS = YES_AGGRESSIVE;
				GCC_WARN_UNUSED_FUNCTION = YES;
				GCC_WARN_UNUSED_VARIABLE = YES;
				LOCALIZATION_PREFERS_STRING_CATALOGS = YES;
				MTL_ENABLE_DEBUG_INFO = NO;
				MTL_FAST_MATH = YES;
				SWIFT_COMPILATION_MODE = wholemodule;
			};
			name = Release;
		};
		45F7D3882BF69FA000C2A9B1 /* Debug */ = {
			isa = XCBuildConfiguration;
			buildSettings = {
				ALWAYS_EMBED_SWIFT_STANDARD_LIBRARIES = YES;
				ASSETCATALOG_COMPILER_APPICON_NAME = AppIcon;
				ASSETCATALOG_COMPILER_GLOBAL_ACCENT_COLOR_NAME = AccentColor;
				CODE_SIGN_ENTITLEMENTS = Filesystems/Filesystems.entitlements;
				CODE_SIGN_STYLE = Automatic;
				CURRENT_PROJECT_VERSION = 1;
				DEAD_CODE_STRIPPING = YES;
				DEVELOPMENT_ASSET_PATHS = "\"Filesystems/Preview Content\"";
				DEVELOPMENT_TEAM = H6U8DDWY8N;
				ENABLE_HARDENED_RUNTIME = YES;
				ENABLE_PREVIEWS = YES;
				GENERATE_INFOPLIST_FILE = YES;
				"INFOPLIST_KEY_UIApplicationSceneManifest_Generation[sdk=iphoneos*]" = YES;
				"INFOPLIST_KEY_UIApplicationSceneManifest_Generation[sdk=iphonesimulator*]" = YES;
				"INFOPLIST_KEY_UIApplicationSupportsIndirectInputEvents[sdk=iphoneos*]" = YES;
				"INFOPLIST_KEY_UIApplicationSupportsIndirectInputEvents[sdk=iphonesimulator*]" = YES;
				"INFOPLIST_KEY_UILaunchScreen_Generation[sdk=iphoneos*]" = YES;
				"INFOPLIST_KEY_UILaunchScreen_Generation[sdk=iphonesimulator*]" = YES;
				"INFOPLIST_KEY_UIStatusBarStyle[sdk=iphoneos*]" = UIStatusBarStyleDefault;
				"INFOPLIST_KEY_UIStatusBarStyle[sdk=iphonesimulator*]" = UIStatusBarStyleDefault;
				INFOPLIST_KEY_UISupportedInterfaceOrientations_iPad = "UIInterfaceOrientationPortrait UIInterfaceOrientationPortraitUpsideDown UIInterfaceOrientationLandscapeLeft UIInterfaceOrientationLandscapeRight";
				INFOPLIST_KEY_UISupportedInterfaceOrientations_iPhone = "UIInterfaceOrientationPortrait UIInterfaceOrientationLandscapeLeft UIInterfaceOrientationLandscapeRight";
				IPHONEOS_DEPLOYMENT_TARGET = 17.4;
				LD_RUNPATH_SEARCH_PATHS = "@executable_path/Frameworks";
				"LD_RUNPATH_SEARCH_PATHS[sdk=macosx*]" = "@executable_path/../Frameworks";
				MACOSX_DEPLOYMENT_TARGET = 14.4;
				MARKETING_VERSION = 1.0;
				PRODUCT_BUNDLE_IDENTIFIER = cx.mcmillan.Filesystems;
				PRODUCT_NAME = "$(TARGET_NAME)";
				SDKROOT = auto;
				SUPPORTED_PLATFORMS = "iphoneos iphonesimulator macosx";
				SWIFT_EMIT_LOC_STRINGS = YES;
				SWIFT_VERSION = 5.0;
				TARGETED_DEVICE_FAMILY = "1,2";
			};
			name = Debug;
		};
		45F7D3892BF69FA000C2A9B1 /* Release */ = {
			isa = XCBuildConfiguration;
			buildSettings = {
				ALWAYS_EMBED_SWIFT_STANDARD_LIBRARIES = YES;
				ASSETCATALOG_COMPILER_APPICON_NAME = AppIcon;
				ASSETCATALOG_COMPILER_GLOBAL_ACCENT_COLOR_NAME = AccentColor;
				CODE_SIGN_ENTITLEMENTS = Filesystems/Filesystems.entitlements;
				CODE_SIGN_STYLE = Automatic;
				CURRENT_PROJECT_VERSION = 1;
				DEAD_CODE_STRIPPING = YES;
				DEVELOPMENT_ASSET_PATHS = "\"Filesystems/Preview Content\"";
				DEVELOPMENT_TEAM = H6U8DDWY8N;
				ENABLE_HARDENED_RUNTIME = YES;
				ENABLE_PREVIEWS = YES;
				GENERATE_INFOPLIST_FILE = YES;
				"INFOPLIST_KEY_UIApplicationSceneManifest_Generation[sdk=iphoneos*]" = YES;
				"INFOPLIST_KEY_UIApplicationSceneManifest_Generation[sdk=iphonesimulator*]" = YES;
				"INFOPLIST_KEY_UIApplicationSupportsIndirectInputEvents[sdk=iphoneos*]" = YES;
				"INFOPLIST_KEY_UIApplicationSupportsIndirectInputEvents[sdk=iphonesimulator*]" = YES;
				"INFOPLIST_KEY_UILaunchScreen_Generation[sdk=iphoneos*]" = YES;
				"INFOPLIST_KEY_UILaunchScreen_Generation[sdk=iphonesimulator*]" = YES;
				"INFOPLIST_KEY_UIStatusBarStyle[sdk=iphoneos*]" = UIStatusBarStyleDefault;
				"INFOPLIST_KEY_UIStatusBarStyle[sdk=iphonesimulator*]" = UIStatusBarStyleDefault;
				INFOPLIST_KEY_UISupportedInterfaceOrientations_iPad = "UIInterfaceOrientationPortrait UIInterfaceOrientationPortraitUpsideDown UIInterfaceOrientationLandscapeLeft UIInterfaceOrientationLandscapeRight";
				INFOPLIST_KEY_UISupportedInterfaceOrientations_iPhone = "UIInterfaceOrientationPortrait UIInterfaceOrientationLandscapeLeft UIInterfaceOrientationLandscapeRight";
				IPHONEOS_DEPLOYMENT_TARGET = 17.4;
				LD_RUNPATH_SEARCH_PATHS = "@executable_path/Frameworks";
				"LD_RUNPATH_SEARCH_PATHS[sdk=macosx*]" = "@executable_path/../Frameworks";
				MACOSX_DEPLOYMENT_TARGET = 14.4;
				MARKETING_VERSION = 1.0;
				PRODUCT_BUNDLE_IDENTIFIER = cx.mcmillan.Filesystems;
				PRODUCT_NAME = "$(TARGET_NAME)";
				SDKROOT = auto;
				SUPPORTED_PLATFORMS = "iphoneos iphonesimulator macosx";
				SWIFT_EMIT_LOC_STRINGS = YES;
				SWIFT_VERSION = 5.0;
				TARGETED_DEVICE_FAMILY = "1,2";
			};
			name = Release;
		};
/* End XCBuildConfiguration section */

/* Begin XCConfigurationList section */
		45B097282BFAD1FC00F44C4D /* Build configuration list for PBXNativeTarget "WatchFilesystems Watch App" */ = {
			isa = XCConfigurationList;
			buildConfigurations = (
				45B097262BFAD1FC00F44C4D /* Debug */,
				45B097272BFAD1FC00F44C4D /* Release */,
			);
			defaultConfigurationIsVisible = 0;
			defaultConfigurationName = Release;
		};
		45F7D3732BF69F9D00C2A9B1 /* Build configuration list for PBXProject "Filesystems" */ = {
			isa = XCConfigurationList;
			buildConfigurations = (
				45F7D3852BF69FA000C2A9B1 /* Debug */,
				45F7D3862BF69FA000C2A9B1 /* Release */,
			);
			defaultConfigurationIsVisible = 0;
			defaultConfigurationName = Release;
		};
		45F7D3872BF69FA000C2A9B1 /* Build configuration list for PBXNativeTarget "Filesystems" */ = {
			isa = XCConfigurationList;
			buildConfigurations = (
				45F7D3882BF69FA000C2A9B1 /* Debug */,
				45F7D3892BF69FA000C2A9B1 /* Release */,
			);
			defaultConfigurationIsVisible = 0;
			defaultConfigurationName = Release;
		};
/* End XCConfigurationList section */
	};
	rootObject = 45F7D3702BF69F9D00C2A9B1 /* Project object */;
}
